{
  "name": "hugo-algolia",
  "version": "1.1.1",
  "lockfileVersion": 1,
  "requires": true,
  "dependencies": {
    "util-guid": {
      "version": "1.0.1",
      "resolved": "https://registry.npmjs.org/util-guid/-/util-guid-1.0.1.tgz",
      "integrity": "sha1-N5rEZVhfjFSyZxMq7myjSc8+1hI="
    }
  }
}
